github.com/CaiJimmy/hugo-theme-stack/v3 v3.29.0 h1:6Ahvbvlyi0HrstfDt2yk6BfcAEnW107lWOUjPjD/ye4=
github.com/CaiJimmy/hugo-theme-stack/v3 v3.29.0/go.mod h1:IPmCXiIxlFSLFYS0tOmYP6ySLviyeNVSabyvSuaxD+I=
github.com/mrhelloboy/seven v1.7.5 h1:Tri8lt6UC7OVVlnX5OLf/mNTQsxwMennp0T8c0HlZw8=
github.com/mrhelloboy/seven v1.7.5/go.mod h1:3BrZvw02YVf/8XyJPRcaIJVZeFM+YyMQpymVYm29ZBY=
